
Microsoft Visual Studio Solution File, Format Version 12.00
# Visual Studio Version 17
VisualStudioVersion = 17.3.32825.248
MinimumVisualStudioVersion = 10.0.40219.1
Project("{FAE04EC0-301F-11D3-BF4B-00C04F79EFBC}") = "Zadania 4.1", "Zadania 4.1\Zadania 4.1.csproj", "{A1284FDC-E8E6-480D-B2EE-028FF26C8B3D}"
EndProject
Global
	GlobalSection(SolutionConfigurationPlatforms) = preSolution
		Debug|Any CPU = Debug|Any CPU
		Release|Any CPU = Release|Any CPU
	EndGlobalSection
	GlobalSection(ProjectConfigurationPlatforms) = postSolution
		{A1284FDC-E8E6-480D-B2EE-028FF26C8B3D}.Debug|Any CPU.ActiveCfg = Debug|Any CPU
		{A1284FDC-E8E6-480D-B2EE-028FF26C8B3D}.Debug|Any CPU.Build.0 = Debug|Any CPU
		{A1284FDC-E8E6-480D-B2EE-028FF26C8B3D}.Release|Any CPU.ActiveCfg = Release|Any CPU
		{A1284FDC-E8E6-480D-B2EE-028FF26C8B3D}.Release|Any CPU.Build.0 = Release|Any CPU
	EndGlobalSection
	GlobalSection(SolutionProperties) = preSolution
		HideSolutionNode = FALSE
	EndGlobalSection
	GlobalSection(ExtensibilityGlobals) = postSolution
		SolutionGuid = {C69FF6C2-543A-4896-9EA0-ABD8BB9A2AD4}
	EndGlobalSection
EndGlobal
